
Microsoft Visual Studio Solution File, Format Version 12.00
# Visual Studio Version 16
VisualStudioVersion = 16.0.29324.140
MinimumVisualStudioVersion = 10.0.40219.1
Project("{9A19103F-16F7-4668-BE54-9A1E7A4F7556}") = "FakerImplementation", "Faker\FakerImplementation.csproj", "{5A9B3871-8D4E-452F-B6B4-A2FA64EBF511}"
EndProject
Project("{9A19103F-16F7-4668-BE54-9A1E7A4F7556}") = "ClassesForDTO", "ClassesForDTO\ClassesForDTO.csproj", "{6141C95C-A663-450C-B78D-D0BEEEC22FD3}"
EndProject
Project("{9A19103F-16F7-4668-BE54-9A1E7A4F7556}") = "Example", "Example\Example.csproj", "{3C77FD99-63EE-423C-9A5F-46B13B4F591F}"
EndProject
Project("{9A19103F-16F7-4668-BE54-9A1E7A4F7556}") = "Generators", "Generators\Generators.csproj", "{6043D193-52EA-423D-86F2-F83DC240AAC8}"
EndProject
Project("{FAE04EC0-301F-11D3-BF4B-00C04F79EFBC}") = "FakerTest", "FakerTest\FakerTest.csproj", "{C2BEF79D-39C6-4262-A904-FCE620398F80}"
EndProject
Global
	GlobalSection(SolutionConfigurationPlatforms) = preSolution
		Debug|Any CPU = Debug|Any CPU
		Release|Any CPU = Release|Any CPU
	EndGlobalSection
	GlobalSection(ProjectConfigurationPlatforms) = postSolution
		{5A9B3871-8D4E-452F-B6B4-A2FA64EBF511}.Debug|Any CPU.ActiveCfg = Debug|Any CPU
		{5A9B3871-8D4E-452F-B6B4-A2FA64EBF511}.Debug|Any CPU.Build.0 = Debug|Any CPU
		{5A9B3871-8D4E-452F-B6B4-A2FA64EBF511}.Release|Any CPU.ActiveCfg = Release|Any CPU
		{5A9B3871-8D4E-452F-B6B4-A2FA64EBF511}.Release|Any CPU.Build.0 = Release|Any CPU
		{6141C95C-A663-450C-B78D-D0BEEEC22FD3}.Debug|Any CPU.ActiveCfg = Debug|Any CPU
		{6141C95C-A663-450C-B78D-D0BEEEC22FD3}.Debug|Any CPU.Build.0 = Debug|Any CPU
		{6141C95C-A663-450C-B78D-D0BEEEC22FD3}.Release|Any CPU.ActiveCfg = Release|Any CPU
		{6141C95C-A663-450C-B78D-D0BEEEC22FD3}.Release|Any CPU.Build.0 = Release|Any CPU
		{3C77FD99-63EE-423C-9A5F-46B13B4F591F}.Debug|Any CPU.ActiveCfg = Debug|Any CPU
		{3C77FD99-63EE-423C-9A5F-46B13B4F591F}.Debug|Any CPU.Build.0 = Debug|Any CPU
		{3C77FD99-63EE-423C-9A5F-46B13B4F591F}.Release|Any CPU.ActiveCfg = Release|Any CPU
		{3C77FD99-63EE-423C-9A5F-46B13B4F591F}.Release|Any CPU.Build.0 = Release|Any CPU
		{6043D193-52EA-423D-86F2-F83DC240AAC8}.Debug|Any CPU.ActiveCfg = Debug|Any CPU
		{6043D193-52EA-423D-86F2-F83DC240AAC8}.Debug|Any CPU.Build.0 = Debug|Any CPU
		{6043D193-52EA-423D-86F2-F83DC240AAC8}.Release|Any CPU.ActiveCfg = Release|Any CPU
		{6043D193-52EA-423D-86F2-F83DC240AAC8}.Release|Any CPU.Build.0 = Release|Any CPU
		{C2BEF79D-39C6-4262-A904-FCE620398F80}.Debug|Any CPU.ActiveCfg = Debug|Any CPU
		{C2BEF79D-39C6-4262-A904-FCE620398F80}.Debug|Any CPU.Build.0 = Debug|Any CPU
		{C2BEF79D-39C6-4262-A904-FCE620398F80}.Release|Any CPU.ActiveCfg = Release|Any CPU
		{C2BEF79D-39C6-4262-A904-FCE620398F80}.Release|Any CPU.Build.0 = Release|Any CPU
	EndGlobalSection
	GlobalSection(SolutionProperties) = preSolution
		HideSolutionNode = FALSE
	EndGlobalSection
	GlobalSection(ExtensibilityGlobals) = postSolution
		SolutionGuid = {C8B97C4F-5DE7-48A9-BB0C-3283B0DF3332}
	EndGlobalSection
EndGlobal
